
Microsoft Visual Studio Solution File, Format Version 12.00
Project("{FAE04EC0-301F-11D3-BF4B-00C04F79EFBC}") = "Test", "Test\Test.csproj", "{CBE301C5-52F6-4BAF-8B3B-43839AB4D827}"
EndProject
Project("{FAE04EC0-301F-11D3-BF4B-00C04F79EFBC}") = "Quan", "Quan\Quan.csproj", "{B7888E3C-4B64-4541-AF86-88113BEDF55F}"
EndProject
Global
	GlobalSection(SolutionConfigurationPlatforms) = preSolution
		Debug|Any CPU = Debug|Any CPU
		Release|Any CPU = Release|Any CPU
	EndGlobalSection
	GlobalSection(ProjectConfigurationPlatforms) = postSolution
		{CBE301C5-52F6-4BAF-8B3B-43839AB4D827}.Debug|Any CPU.ActiveCfg = Debug|Any CPU
		{CBE301C5-52F6-4BAF-8B3B-43839AB4D827}.Debug|Any CPU.Build.0 = Debug|Any CPU
		{CBE301C5-52F6-4BAF-8B3B-43839AB4D827}.Release|Any CPU.ActiveCfg = Release|Any CPU
		{CBE301C5-52F6-4BAF-8B3B-43839AB4D827}.Release|Any CPU.Build.0 = Release|Any CPU
		{B7888E3C-4B64-4541-AF86-88113BEDF55F}.Debug|Any CPU.ActiveCfg = Debug|Any CPU
		{B7888E3C-4B64-4541-AF86-88113BEDF55F}.Debug|Any CPU.Build.0 = Debug|Any CPU
		{B7888E3C-4B64-4541-AF86-88113BEDF55F}.Release|Any CPU.ActiveCfg = Release|Any CPU
		{B7888E3C-4B64-4541-AF86-88113BEDF55F}.Release|Any CPU.Build.0 = Release|Any CPU
	EndGlobalSection
EndGlobal
